
Microsoft Visual Studio Solution File, Format Version 12.00
# Visual Studio 15
VisualStudioVersion = 15.0.33423.255
MinimumVisualStudioVersion = 10.0.40219.1
Project("{FAE04EC0-301F-11D3-BF4B-00C04F79EFBC}") = "Multibanco", "Multibanco\Multibanco.csproj", "{FE781263-8F0A-4ED6-B31D-70A4464B082D}"
EndProject
Global
	GlobalSection(SolutionConfigurationPlatforms) = preSolution
		Debug|Any CPU = Debug|Any CPU
		Release|Any CPU = Release|Any CPU
	EndGlobalSection
	GlobalSection(ProjectConfigurationPlatforms) = postSolution
		{FE781263-8F0A-4ED6-B31D-70A4464B082D}.Debug|Any CPU.ActiveCfg = Debug|Any CPU
		{FE781263-8F0A-4ED6-B31D-70A4464B082D}.Debug|Any CPU.Build.0 = Debug|Any CPU
		{FE781263-8F0A-4ED6-B31D-70A4464B082D}.Release|Any CPU.ActiveCfg = Release|Any CPU
		{FE781263-8F0A-4ED6-B31D-70A4464B082D}.Release|Any CPU.Build.0 = Release|Any CPU
	EndGlobalSection
	GlobalSection(SolutionProperties) = preSolution
		HideSolutionNode = FALSE
	EndGlobalSection
	GlobalSection(ExtensibilityGlobals) = postSolution
		SolutionGuid = {974A1204-DED6-47A9-9C86-C611D4F56BD4}
	EndGlobalSection
EndGlobal
