
Microsoft Visual Studio Solution File, Format Version 12.00
# Visual Studio Version 17
VisualStudioVersion = 17.9.34607.119
MinimumVisualStudioVersion = 10.0.40219.1
Project("{9A19103F-16F7-4668-BE54-9A1E7A4F7556}") = "001Array", "001Array\001Array.csproj", "{1CD280CC-07D7-48B5-B7FE-A7A821AD54C8}"
EndProject
Project("{9A19103F-16F7-4668-BE54-9A1E7A4F7556}") = "LoanCalculator", "LoanCalculator\LoanCalculator.csproj", "{434ED86A-32CA-46D9-9B20-97F4BCD8F0A4}"
EndProject
Project("{9A19103F-16F7-4668-BE54-9A1E7A4F7556}") = "ArrayDeEstruturas", "ArrayDeEstruturas\ArrayDeEstruturas.csproj", "{A62396E7-9DFD-4270-842D-B624D739E4CF}"
EndProject
Project("{9A19103F-16F7-4668-BE54-9A1E7A4F7556}") = "TernaryOperators", "TestingAroundWithCsharp\TernaryOperators.csproj", "{5C054EA6-D14A-4374-9FA7-CA6C238F3868}"
EndProject
Project("{9A19103F-16F7-4668-BE54-9A1E7A4F7556}") = "Parsing", "MoreTesting\Parsing.csproj", "{5704711A-A1DF-4FA5-87A1-2FDE2AEE6327}"
EndProject
Project("{9A19103F-16F7-4668-BE54-9A1E7A4F7556}") = "OOP", "Testing\OOP.csproj", "{13F03ABC-95D8-461A-9A49-17596BDA60A3}"
EndProject
Project("{9A19103F-16F7-4668-BE54-9A1E7A4F7556}") = "EstruturasComArrays", "EstruturasComArrays\EstruturasComArrays.csproj", "{B03C474E-CD14-44B0-A6EE-D2DC70A4A0B8}"
EndProject
Project("{9A19103F-16F7-4668-BE54-9A1E7A4F7556}") = "ExercicioJaggedArrays", "ExercicioJaggedArrays\ExercicioJaggedArrays.csproj", "{85B8035D-9B90-4B2D-AAD1-55082785576E}"
EndProject
Project("{9A19103F-16F7-4668-BE54-9A1E7A4F7556}") = "tracagem", "ConsoleApp1\tracagem.csproj", "{C32760FB-9919-4D7E-AD05-FEF50E15C4AC}"
EndProject
Project("{9A19103F-16F7-4668-BE54-9A1E7A4F7556}") = "BubbleSort", "BubbleSort\BubbleSort.csproj", "{A9522E1F-63FC-4806-AEAD-9EFE3EDA3013}"
EndProject
Project("{FAE04EC0-301F-11D3-BF4B-00C04F79EFBC}") = "LoginForm", "LoginForm\LoginForm.csproj", "{64921702-F506-4BA6-9D98-111237A21087}"
EndProject
Global
	GlobalSection(SolutionConfigurationPlatforms) = preSolution
		Debug|Any CPU = Debug|Any CPU
		Release|Any CPU = Release|Any CPU
	EndGlobalSection
	GlobalSection(ProjectConfigurationPlatforms) = postSolution
		{1CD280CC-07D7-48B5-B7FE-A7A821AD54C8}.Debug|Any CPU.ActiveCfg = Debug|Any CPU
		{1CD280CC-07D7-48B5-B7FE-A7A821AD54C8}.Debug|Any CPU.Build.0 = Debug|Any CPU
		{1CD280CC-07D7-48B5-B7FE-A7A821AD54C8}.Release|Any CPU.ActiveCfg = Release|Any CPU
		{1CD280CC-07D7-48B5-B7FE-A7A821AD54C8}.Release|Any CPU.Build.0 = Release|Any CPU
		{434ED86A-32CA-46D9-9B20-97F4BCD8F0A4}.Debug|Any CPU.ActiveCfg = Debug|Any CPU
		{434ED86A-32CA-46D9-9B20-97F4BCD8F0A4}.Debug|Any CPU.Build.0 = Debug|Any CPU
		{434ED86A-32CA-46D9-9B20-97F4BCD8F0A4}.Release|Any CPU.ActiveCfg = Release|Any CPU
		{434ED86A-32CA-46D9-9B20-97F4BCD8F0A4}.Release|Any CPU.Build.0 = Release|Any CPU
		{A62396E7-9DFD-4270-842D-B624D739E4CF}.Debug|Any CPU.ActiveCfg = Debug|Any CPU
		{A62396E7-9DFD-4270-842D-B624D739E4CF}.Debug|Any CPU.Build.0 = Debug|Any CPU
		{A62396E7-9DFD-4270-842D-B624D739E4CF}.Release|Any CPU.ActiveCfg = Release|Any CPU
		{A62396E7-9DFD-4270-842D-B624D739E4CF}.Release|Any CPU.Build.0 = Release|Any CPU
		{5C054EA6-D14A-4374-9FA7-CA6C238F3868}.Debug|Any CPU.ActiveCfg = Debug|Any CPU
		{5C054EA6-D14A-4374-9FA7-CA6C238F3868}.Debug|Any CPU.Build.0 = Debug|Any CPU
		{5C054EA6-D14A-4374-9FA7-CA6C238F3868}.Release|Any CPU.ActiveCfg = Release|Any CPU
		{5C054EA6-D14A-4374-9FA7-CA6C238F3868}.Release|Any CPU.Build.0 = Release|Any CPU
		{5704711A-A1DF-4FA5-87A1-2FDE2AEE6327}.Debug|Any CPU.ActiveCfg = Debug|Any CPU
		{5704711A-A1DF-4FA5-87A1-2FDE2AEE6327}.Debug|Any CPU.Build.0 = Debug|Any CPU
		{5704711A-A1DF-4FA5-87A1-2FDE2AEE6327}.Release|Any CPU.ActiveCfg = Release|Any CPU
		{5704711A-A1DF-4FA5-87A1-2FDE2AEE6327}.Release|Any CPU.Build.0 = Release|Any CPU
		{13F03ABC-95D8-461A-9A49-17596BDA60A3}.Debug|Any CPU.ActiveCfg = Debug|Any CPU
		{13F03ABC-95D8-461A-9A49-17596BDA60A3}.Debug|Any CPU.Build.0 = Debug|Any CPU
		{13F03ABC-95D8-461A-9A49-17596BDA60A3}.Release|Any CPU.ActiveCfg = Release|Any CPU
		{13F03ABC-95D8-461A-9A49-17596BDA60A3}.Release|Any CPU.Build.0 = Release|Any CPU
		{B03C474E-CD14-44B0-A6EE-D2DC70A4A0B8}.Debug|Any CPU.ActiveCfg = Debug|Any CPU
		{B03C474E-CD14-44B0-A6EE-D2DC70A4A0B8}.Debug|Any CPU.Build.0 = Debug|Any CPU
		{B03C474E-CD14-44B0-A6EE-D2DC70A4A0B8}.Release|Any CPU.ActiveCfg = Release|Any CPU
		{B03C474E-CD14-44B0-A6EE-D2DC70A4A0B8}.Release|Any CPU.Build.0 = Release|Any CPU
		{85B8035D-9B90-4B2D-AAD1-55082785576E}.Debug|Any CPU.ActiveCfg = Debug|Any CPU
		{85B8035D-9B90-4B2D-AAD1-55082785576E}.Debug|Any CPU.Build.0 = Debug|Any CPU
		{85B8035D-9B90-4B2D-AAD1-55082785576E}.Release|Any CPU.ActiveCfg = Release|Any CPU
		{85B8035D-9B90-4B2D-AAD1-55082785576E}.Release|Any CPU.Build.0 = Release|Any CPU
		{C32760FB-9919-4D7E-AD05-FEF50E15C4AC}.Debug|Any CPU.ActiveCfg = Debug|Any CPU
		{C32760FB-9919-4D7E-AD05-FEF50E15C4AC}.Debug|Any CPU.Build.0 = Debug|Any CPU
		{C32760FB-9919-4D7E-AD05-FEF50E15C4AC}.Release|Any CPU.ActiveCfg = Release|Any CPU
		{C32760FB-9919-4D7E-AD05-FEF50E15C4AC}.Release|Any CPU.Build.0 = Release|Any CPU
		{A9522E1F-63FC-4806-AEAD-9EFE3EDA3013}.Debug|Any CPU.ActiveCfg = Debug|Any CPU
		{A9522E1F-63FC-4806-AEAD-9EFE3EDA3013}.Debug|Any CPU.Build.0 = Debug|Any CPU
		{A9522E1F-63FC-4806-AEAD-9EFE3EDA3013}.Release|Any CPU.ActiveCfg = Release|Any CPU
		{A9522E1F-63FC-4806-AEAD-9EFE3EDA3013}.Release|Any CPU.Build.0 = Release|Any CPU
		{64921702-F506-4BA6-9D98-111237A21087}.Debug|Any CPU.ActiveCfg = Debug|Any CPU
		{64921702-F506-4BA6-9D98-111237A21087}.Debug|Any CPU.Build.0 = Debug|Any CPU
		{64921702-F506-4BA6-9D98-111237A21087}.Release|Any CPU.ActiveCfg = Release|Any CPU
		{64921702-F506-4BA6-9D98-111237A21087}.Release|Any CPU.Build.0 = Release|Any CPU
	EndGlobalSection
	GlobalSection(SolutionProperties) = preSolution
		HideSolutionNode = FALSE
	EndGlobalSection
	GlobalSection(ExtensibilityGlobals) = postSolution
		SolutionGuid = {CC68A692-A4CF-44C0-A96A-D8F68638507A}
	EndGlobalSection
EndGlobal
